
Microsoft Visual Studio Solution File, Format Version 12.00
# Visual Studio 15
VisualStudioVersion = 15.0.26124.0
MinimumVisualStudioVersion = 15.0.26124.0
Project("{FAE04EC0-301F-11D3-BF4B-00C04F79EFBC}") = "PageClassLib", "PageClassLib\PageClassLib.csproj", "{76D6E64F-9C2D-4744-B8CF-2904A7389E48}"
EndProject
Project("{FAE04EC0-301F-11D3-BF4B-00C04F79EFBC}") = "PageClassTest", "PageClassTest\PageClassTest.csproj", "{7BD5BBE8-1E2F-4F9B-95C3-ACE183361723}"
EndProject
Global
	GlobalSection(SolutionConfigurationPlatforms) = preSolution
		Debug|Any CPU = Debug|Any CPU
		Debug|x64 = Debug|x64
		Debug|x86 = Debug|x86
		Release|Any CPU = Release|Any CPU
		Release|x64 = Release|x64
		Release|x86 = Release|x86
	EndGlobalSection
	GlobalSection(SolutionProperties) = preSolution
		HideSolutionNode = FALSE
	EndGlobalSection
	GlobalSection(ProjectConfigurationPlatforms) = postSolution
		{76D6E64F-9C2D-4744-B8CF-2904A7389E48}.Debug|Any CPU.ActiveCfg = Debug|Any CPU
		{76D6E64F-9C2D-4744-B8CF-2904A7389E48}.Debug|Any CPU.Build.0 = Debug|Any CPU
		{76D6E64F-9C2D-4744-B8CF-2904A7389E48}.Debug|x64.ActiveCfg = Debug|Any CPU
		{76D6E64F-9C2D-4744-B8CF-2904A7389E48}.Debug|x64.Build.0 = Debug|Any CPU
		{76D6E64F-9C2D-4744-B8CF-2904A7389E48}.Debug|x86.ActiveCfg = Debug|Any CPU
		{76D6E64F-9C2D-4744-B8CF-2904A7389E48}.Debug|x86.Build.0 = Debug|Any CPU
		{76D6E64F-9C2D-4744-B8CF-2904A7389E48}.Release|Any CPU.ActiveCfg = Release|Any CPU
		{76D6E64F-9C2D-4744-B8CF-2904A7389E48}.Release|Any CPU.Build.0 = Release|Any CPU
		{76D6E64F-9C2D-4744-B8CF-2904A7389E48}.Release|x64.ActiveCfg = Release|Any CPU
		{76D6E64F-9C2D-4744-B8CF-2904A7389E48}.Release|x64.Build.0 = Release|Any CPU
		{76D6E64F-9C2D-4744-B8CF-2904A7389E48}.Release|x86.ActiveCfg = Release|Any CPU
		{76D6E64F-9C2D-4744-B8CF-2904A7389E48}.Release|x86.Build.0 = Release|Any CPU
		{7BD5BBE8-1E2F-4F9B-95C3-ACE183361723}.Debug|Any CPU.ActiveCfg = Debug|Any CPU
		{7BD5BBE8-1E2F-4F9B-95C3-ACE183361723}.Debug|Any CPU.Build.0 = Debug|Any CPU
		{7BD5BBE8-1E2F-4F9B-95C3-ACE183361723}.Debug|x64.ActiveCfg = Debug|Any CPU
		{7BD5BBE8-1E2F-4F9B-95C3-ACE183361723}.Debug|x64.Build.0 = Debug|Any CPU
		{7BD5BBE8-1E2F-4F9B-95C3-ACE183361723}.Debug|x86.ActiveCfg = Debug|Any CPU
		{7BD5BBE8-1E2F-4F9B-95C3-ACE183361723}.Debug|x86.Build.0 = Debug|Any CPU
		{7BD5BBE8-1E2F-4F9B-95C3-ACE183361723}.Release|Any CPU.ActiveCfg = Release|Any CPU
		{7BD5BBE8-1E2F-4F9B-95C3-ACE183361723}.Release|Any CPU.Build.0 = Release|Any CPU
		{7BD5BBE8-1E2F-4F9B-95C3-ACE183361723}.Release|x64.ActiveCfg = Release|Any CPU
		{7BD5BBE8-1E2F-4F9B-95C3-ACE183361723}.Release|x64.Build.0 = Release|Any CPU
		{7BD5BBE8-1E2F-4F9B-95C3-ACE183361723}.Release|x86.ActiveCfg = Release|Any CPU
		{7BD5BBE8-1E2F-4F9B-95C3-ACE183361723}.Release|x86.Build.0 = Release|Any CPU
	EndGlobalSection
EndGlobal
